
Microsoft Visual Studio Solution File, Format Version 12.00
# Visual Studio 2013
Project("{FAE04EC0-301F-11D3-BF4B-00C04F79EFBC}") = "WpfApplication1", "WpfApplication1\WpfApplication1.csproj", "{03a904ff-ffcf-4824-a722-9ba68d8d8253}"
EndProject
Global
	GlobalSection(SolutionConfigurationPlatforms) = preSolution
		Debug|Any CPU = Debug|Any CPU
		Release|Any CPU = Release|Any CPU
	EndGlobalSection
	GlobalSection(ProjectConfigurationPlatforms) = postSolution
		{03A904FF-FFCF-4824-A722-9BA68D8D8253}.Debug|Any CPU.ActiveCfg = Debug|Any CPU
		{03A904FF-FFCF-4824-A722-9BA68D8D8253}.Debug|Any CPU.Build.0 = Debug|Any CPU
		{03A904FF-FFCF-4824-A722-9BA68D8D8253}.Release|Any CPU.ActiveCfg = Release|Any CPU
		{03A904FF-FFCF-4824-A722-9BA68D8D8253}.Release|Any CPU.Build.0 = Release|Any CPU
	EndGlobalSection
EndGlobal
